// !$*UTF8*$!
{
	archiveVersion = 1;
	classes = {
	};
	objectVersion = 50;
	objects = {

/* Begin PBXBuildFile section */
		21BD574721977B76000C43A7 /* AppDelegate.swift in Sources */ = {isa = PBXBuildFile; fileRef = 21BD574621977B76000C43A7 /* AppDelegate.swift */; };
		21BD574921977B76000C43A7 /* ViewController.swift in Sources */ = {isa = PBXBuildFile; fileRef = 21BD574821977B76000C43A7 /* ViewController.swift */; };
		21BD574C21977B76000C43A7 /* Main.storyboard in Resources */ = {isa = PBXBuildFile; fileRef = 21BD574A21977B76000C43A7 /* Main.storyboard */; };
		21BD574F21977B76000C43A7 /* DBBasics.xcdatamodeld in Sources */ = {isa = PBXBuildFile; fileRef = 21BD574D21977B76000C43A7 /* DBBasics.xcdatamodeld */; };
		21BD575121977B77000C43A7 /* Assets.xcassets in Resources */ = {isa = PBXBuildFile; fileRef = 21BD575021977B77000C43A7 /* Assets.xcassets */; };
		21BD575421977B77000C43A7 /* LaunchScreen.storyboard in Resources */ = {isa = PBXBuildFile; fileRef = 21BD575221977B77000C43A7 /* LaunchScreen.storyboard */; };
		21BD575F21977B77000C43A7 /* DBBasicsTests.swift in Sources */ = {isa = PBXBuildFile; fileRef = 21BD575E21977B77000C43A7 /* DBBasicsTests.swift */; };
/* End PBXBuildFile section */

/* Begin PBXContainerItemProxy section */
		21BD575B21977B77000C43A7 /* PBXContainerItemProxy */ = {
			isa = PBXContainerItemProxy;
			containerPortal = 21BD573B21977B76000C43A7 /* Project object */;
			proxyType = 1;
			remoteGlobalIDString = 21BD574221977B76000C43A7;
			remoteInfo = DBBasics;
		};
/* End PBXContainerItemProxy section */

/* Begin PBXFileReference section */
		21BD574321977B76000C43A7 /* DBBasics.app */ = {isa = PBXFileReference; explicitFileType = wrapper.application; includeInIndex = 0; path = DBBasics.app; sourceTree = BUILT_PRODUCTS_DIR; };
		21BD574621977B76000C43A7 /* AppDelegate.swift */ = {isa = PBXFileReference; lastKnownFileType = sourcecode.swift; path = AppDelegate.swift; sourceTree = "<group>"; };
		21BD574821977B76000C43A7 /* ViewController.swift */ = {isa = PBXFileReference; lastKnownFileType = sourcecode.swift; path = ViewController.swift; sourceTree = "<group>"; };
		21BD574B21977B76000C43A7 /* Base */ = {isa = PBXFileReference; lastKnownFileType = file.storyboard; name = Base; path = Base.lproj/Main.storyboard; sourceTree = "<group>"; };
		21BD574E21977B76000C43A7 /* DBBasics.xcdatamodel */ = {isa = PBXFileReference; lastKnownFileType = wrapper.xcdatamodel; path = DBBasics.xcdatamodel; sourceTree = "<group>"; };
		21BD575021977B77000C43A7 /* Assets.xcassets */ = {isa = PBXFileReference; lastKnownFileType = folder.assetcatalog; path = Assets.xcassets; sourceTree = "<group>"; };
		21BD575321977B77000C43A7 /* Base */ = {isa = PBXFileReference; lastKnownFileType = file.storyboard; name = Base; path = Base.lproj/LaunchScreen.storyboard; sourceTree = "<group>"; };
		21BD575521977B77000C43A7 /* Info.plist */ = {isa = PBXFileReference; lastKnownFileType = text.plist.xml; path = Info.plist; sourceTree = "<group>"; };
		21BD575A21977B77000C43A7 /* DBBasicsTests.xctest */ = {isa = PBXFileReference; explicitFileType = wrapper.cfbundle; includeInIndex = 0; path = DBBasicsTests.xctest; sourceTree = BUILT_PRODUCTS_DIR; };
		21BD575E21977B77000C43A7 /* DBBasicsTests.swift */ = {isa = PBXFileReference; lastKnownFileType = sourcecode.swift; path = DBBasicsTests.swift; sourceTree = "<group>"; };
		21BD576021977B77000C43A7 /* Info.plist */ = {isa = PBXFileReference; lastKnownFileType = text.plist.xml; path = Info.plist; sourceTree = "<group>"; };
/* End PBXFileReference section */

/* Begin PBXFrameworksBuildPhase section */
		21BD574021977B76000C43A7 /* Frameworks */ = {
			isa = PBXFrameworksBuildPhase;
			buildActionMask = 2147483647;
			files = (
			);
			runOnlyForDeploymentPostprocessing = 0;
		};
		21BD575721977B77000C43A7 /* Frameworks */ = {
			isa = PBXFrameworksBuildPhase;
			buildActionMask = 2147483647;
			files = (
			);
			runOnlyForDeploymentPostprocessing = 0;
		};
/* End PBXFrameworksBuildPhase section */

/* Begin PBXGroup section */
		21BD573A21977B76000C43A7 = {
			isa = PBXGroup;
			children = (
				21BD574521977B76000C43A7 /* DBBasics */,
				21BD575D21977B77000C43A7 /* DBBasicsTests */,
				21BD574421977B76000C43A7 /* Products */,
			);
			sourceTree = "<group>";
		};
		21BD574421977B76000C43A7 /* Products */ = {
			isa = PBXGroup;
			children = (
				21BD574321977B76000C43A7 /* DBBasics.app */,
				21BD575A21977B77000C43A7 /* DBBasicsTests.xctest */,
			);
			name = Products;
			sourceTree = "<group>";
		};
		21BD574521977B76000C43A7 /* DBBasics */ = {
			isa = PBXGroup;
			children = (
				21BD574621977B76000C43A7 /* AppDelegate.swift */,
				21BD574821977B76000C43A7 /* ViewController.swift */,
				21BD574A21977B76000C43A7 /* Main.storyboard */,
				21BD575021977B77000C43A7 /* Assets.xcassets */,
				21BD575221977B77000C43A7 /* LaunchScreen.storyboard */,
				21BD575521977B77000C43A7 /* Info.plist */,
				21BD574D21977B76000C43A7 /* DBBasics.xcdatamodeld */,
			);
			path = DBBasics;
			sourceTree = "<group>";
		};
		21BD575D21977B77000C43A7 /* DBBasicsTests */ = {
			isa = PBXGroup;
			children = (
				21BD575E21977B77000C43A7 /* DBBasicsTests.swift */,
				21BD576021977B77000C43A7 /* Info.plist */,
			);
			path = DBBasicsTests;
			sourceTree = "<group>";
		};
/* End PBXGroup section */

/* Begin PBXNativeTarget section */
		21BD574221977B76000C43A7 /* DBBasics */ = {
			isa = PBXNativeTarget;
			buildConfigurationList = 21BD576321977B77000C43A7 /* Build configuration list for PBXNativeTarget "DBBasics" */;
			buildPhases = (
				21BD573F21977B76000C43A7 /* Sources */,
				21BD574021977B76000C43A7 /* Frameworks */,
				21BD574121977B76000C43A7 /* Resources */,
			);
			buildRules = (
			);
			dependencies = (
			);
			name = DBBasics;
			productName = DBBasics;
			productReference = 21BD574321977B76000C43A7 /* DBBasics.app */;
			productType = "com.apple.product-type.application";
		};
		21BD575921977B77000C43A7 /* DBBasicsTests */ = {
			isa = PBXNativeTarget;
			buildConfigurationList = 21BD576621977B77000C43A7 /* Build configuration list for PBXNativeTarget "DBBasicsTests" */;
			buildPhases = (
				21BD575621977B77000C43A7 /* Sources */,
				21BD575721977B77000C43A7 /* Frameworks */,
				21BD575821977B77000C43A7 /* Resources */,
			);
			buildRules = (
			);
			dependencies = (
				21BD575C21977B77000C43A7 /* PBXTargetDependency */,
			);
			name = DBBasicsTests;
			productName = DBBasicsTests;
			productReference = 21BD575A21977B77000C43A7 /* DBBasicsTests.xctest */;
			productType = "com.apple.product-type.bundle.unit-test";
		};
/* End PBXNativeTarget section */

/* Begin PBXProject section */
		21BD573B21977B76000C43A7 /* Project object */ = {
			isa = PBXProject;
			attributes = {
				LastSwiftUpdateCheck = 1010;
				LastUpgradeCheck = 1010;
				ORGANIZATIONNAME = santosh104;
				TargetAttributes = {
					21BD574221977B76000C43A7 = {
						CreatedOnToolsVersion = 10.1;
					};
					21BD575921977B77000C43A7 = {
						CreatedOnToolsVersion = 10.1;
						TestTargetID = 21BD574221977B76000C43A7;
					};
				};
			};
			buildConfigurationList = 21BD573E21977B76000C43A7 /* Build configuration list for PBXProject "DBBasics" */;
			compatibilityVersion = "Xcode 9.3";
			developmentRegion = en;
			hasScannedForEncodings = 0;
			knownRegions = (
				en,
				Base,
			);
			mainGroup = 21BD573A21977B76000C43A7;
			productRefGroup = 21BD574421977B76000C43A7 /* Products */;
			projectDirPath = "";
			projectRoot = "";
			targets = (
				21BD574221977B76000C43A7 /* DBBasics */,
				21BD575921977B77000C43A7 /* DBBasicsTests */,
			);
		};
/* End PBXProject section */

/* Begin PBXResourcesBuildPhase section */
		21BD574121977B76000C43A7 /* Resources */ = {
			isa = PBXResourcesBuildPhase;
			buildActionMask = 2147483647;
			files = (
				21BD575421977B77000C43A7 /* LaunchScreen.storyboard in Resources */,
				21BD575121977B77000C43A7 /* Assets.xcassets in Resources */,
				21BD574C21977B76000C43A7 /* Main.storyboard in Resources */,
			);
			runOnlyForDeploymentPostprocessing = 0;
		};
		21BD575821977B77000C43A7 /* Resources */ = {
			isa = PBXResourcesBuildPhase;
			buildActionMask = 2147483647;
			files = (
			);
			runOnlyForDeploymentPostprocessing = 0;
		};
/* End PBXResourcesBuildPhase section */

/* Begin PBXSourcesBuildPhase section */
		21BD573F21977B76000C43A7 /* Sources */ = {
			isa = PBXSourcesBuildPhase;
			buildActionMask = 2147483647;
			files = (
				21BD574921977B76000C43A7 /* ViewController.swift in Sources */,
				21BD574721977B76000C43A7 /* AppDelegate.swift in Sources */,
				21BD574F21977B76000C43A7 /* DBBasics.xcdatamodeld in Sources */,
			);
			runOnlyForDeploymentPostprocessing = 0;
		};
		21BD575621977B77000C43A7 /* Sources */ = {
			isa = PBXSourcesBuildPhase;
			buildActionMask = 2147483647;
			files = (
				21BD575F21977B77000C43A7 /* DBBasicsTests.swift in Sources */,
			);
			runOnlyForDeploymentPostprocessing = 0;
		};
/* End PBXSourcesBuildPhase section */

/* Begin PBXTargetDependency section */
		21BD575C21977B77000C43A7 /* PBXTargetDependency */ = {
			isa = PBXTargetDependency;
			target = 21BD574221977B76000C43A7 /* DBBasics */;
			targetProxy = 21BD575B21977B77000C43A7 /* PBXContainerItemProxy */;
		};
/* End PBXTargetDependency section */

/* Begin PBXVariantGroup section */
		21BD574A21977B76000C43A7 /* Main.storyboard */ = {
			isa = PBXVariantGroup;
			children = (
				21BD574B21977B76000C43A7 /* Base */,
			);
			name = Main.storyboard;
			sourceTree = "<group>";
		};
		21BD575221977B77000C43A7 /* LaunchScreen.storyboard */ = {
			isa = PBXVariantGroup;
			children = (
				21BD575321977B77000C43A7 /* Base */,
			);
			name = LaunchScreen.storyboard;
			sourceTree = "<group>";
		};
/* End PBXVariantGroup section */

/* Begin XCBuildConfiguration section */
		21BD576121977B77000C43A7 /* Debug */ = {
			isa = XCBuildConfiguration;
			buildSettings = {
				ALWAYS_SEARCH_USER_PATHS = NO;
				CLANG_ANALYZER_NONNULL = YES;
				CLANG_ANALYZER_NUMBER_OBJECT_CONVERSION = YES_AGGRESSIVE;
				CLANG_CXX_LANGUAGE_STANDARD = "gnu++14";
				CLANG_CXX_LIBRARY = "libc++";
				CLANG_ENABLE_MODULES = YES;
				CLANG_ENABLE_OBJC_ARC = YES;
				CLANG_ENABLE_OBJC_WEAK = YES;
				CLANG_WARN_BLOCK_CAPTURE_AUTORELEASING = YES;
				CLANG_WARN_BOOL_CONVERSION = YES;
				CLANG_WARN_COMMA = YES;
				CLANG_WARN_CONSTANT_CONVERSION = YES;
				CLANG_WARN_DEPRECATED_OBJC_IMPLEMENTATIONS = YES;
				CLANG_WARN_DIRECT_OBJC_ISA_USAGE = YES_ERROR;
				CLANG_WARN_DOCUMENTATION_COMMENTS = YES;
				CLANG_WARN_EMPTY_BODY = YES;
				CLANG_WARN_ENUM_CONVERSION = YES;
				CLANG_WARN_INFINITE_RECURSION = YES;
				CLANG_WARN_INT_CONVERSION = YES;
				CLANG_WARN_NON_LITERAL_NULL_CONVERSION = YES;
				CLANG_WARN_OBJC_IMPLICIT_RETAIN_SELF = YES;
				CLANG_WARN_OBJC_LITERAL_CONVERSION = YES;
				CLANG_WARN_OBJC_ROOT_CLASS = YES_ERROR;
				CLANG_WARN_RANGE_LOOP_ANALYSIS = YES;
				CLANG_WARN_STRICT_PROTOTYPES = YES;
				CLANG_WARN_SUSPICIOUS_MOVE = YES;
				CLANG_WARN_UNGUARDED_AVAILABILITY = YES_AGGRESSIVE;
				CLANG_WARN_UNREACHABLE_CODE = YES;
				CLANG_WARN__DUPLICATE_METHOD_MATCH = YES;
				CODE_SIGN_IDENTITY = "iPhone Developer";
				COPY_PHASE_STRIP = NO;
				DEBUG_INFORMATION_FORMAT = dwarf;
				ENABLE_STRICT_OBJC_MSGSEND = YES;
				ENABLE_TESTABILITY = YES;
				GCC_C_LANGUAGE_STANDARD = gnu11;
				GCC_DYNAMIC_NO_PIC = NO;
				GCC_NO_COMMON_BLOCKS = YES;
				GCC_OPTIMIZATION_LEVEL = 0;
				GCC_PREPROCESSOR_DEFINITIONS = (
					"DEBUG=1",
					"$(inherited)",
				);
				GCC_WARN_64_TO_32_BIT_CONVERSION = YES;
				GCC_WARN_ABOUT_RETURN_TYPE = YES_ERROR;
				GCC_WARN_UNDECLARED_SELECTOR = YES;
				GCC_WARN_UNINITIALIZED_AUTOS = YES_AGGRESSIVE;
				GCC_WARN_UNUSED_FUNCTION = YES;
				GCC_WARN_UNUSED_VARIABLE = YES;
				IPHONEOS_DEPLOYMENT_TARGET = 12.1;
				MTL_ENABLE_DEBUG_INFO = INCLUDE_SOURCE;
				MTL_FAST_MATH = YES;
				ONLY_ACTIVE_ARCH = YES;
				SDKROOT = iphoneos;
				SWIFT_ACTIVE_COMPILATION_CONDITIONS = DEBUG;
				SWIFT_OPTIMIZATION_LEVEL = "-Onone";
			};
			name = Debug;
		};
		21BD576221977B77000C43A7 /* Release */ = {
			isa = XCBuildConfiguration;
			buildSettings = {
				ALWAYS_SEARCH_USER_PATHS = NO;
				CLANG_ANALYZER_NONNULL = YES;
				CLANG_ANALYZER_NUMBER_OBJECT_CONVERSION = YES_AGGRESSIVE;
				CLANG_CXX_LANGUAGE_STANDARD = "gnu++14";
				CLANG_CXX_LIBRARY = "libc++";
				CLANG_ENABLE_MODULES = YES;
				CLANG_ENABLE_OBJC_ARC = YES;
				CLANG_ENABLE_OBJC_WEAK = YES;
				CLANG_WARN_BLOCK_CAPTURE_AUTORELEASING = YES;
				CLANG_WARN_BOOL_CONVERSION = YES;
				CLANG_WARN_COMMA = YES;
				CLANG_WARN_CONSTANT_CONVERSION = YES;
				CLANG_WARN_DEPRECATED_OBJC_IMPLEMENTATIONS = YES;
				CLANG_WARN_DIRECT_OBJC_ISA_USAGE = YES_ERROR;
				CLANG_WARN_DOCUMENTATION_COMMENTS = YES;
				CLANG_WARN_EMPTY_BODY = YES;
				CLANG_WARN_ENUM_CONVERSION = YES;
				CLANG_WARN_INFINITE_RECURSION = YES;
				CLANG_WARN_INT_CONVERSION = YES;
				CLANG_WARN_NON_LITERAL_NULL_CONVERSION = YES;
				CLANG_WARN_OBJC_IMPLICIT_RETAIN_SELF = YES;
				CLANG_WARN_OBJC_LITERAL_CONVERSION = YES;
				CLANG_WARN_OBJC_ROOT_CLASS = YES_ERROR;
				CLANG_WARN_RANGE_LOOP_ANALYSIS = YES;
				CLANG_WARN_STRICT_PROTOTYPES = YES;
				CLANG_WARN_SUSPICIOUS_MOVE = YES;
				CLANG_WARN_UNGUARDED_AVAILABILITY = YES_AGGRESSIVE;
				CLANG_WARN_UNREACHABLE_CODE = YES;
				CLANG_WARN__DUPLICATE_METHOD_MATCH = YES;
				CODE_SIGN_IDENTITY = "iPhone Developer";
				COPY_PHASE_STRIP = NO;
				DEBUG_INFORMATION_FORMAT = "dwarf-with-dsym";
				ENABLE_NS_ASSERTIONS = NO;
				ENABLE_STRICT_OBJC_MSGSEND = YES;
				GCC_C_LANGUAGE_STANDARD = gnu11;
				GCC_NO_COMMON_BLOCKS = YES;
				GCC_WARN_64_TO_32_BIT_CONVERSION = YES;
				GCC_WARN_ABOUT_RETURN_TYPE = YES_ERROR;
				GCC_WARN_UNDECLARED_SELECTOR = YES;
				GCC_WARN_UNINITIALIZED_AUTOS = YES_AGGRESSIVE;
				GCC_WARN_UNUSED_FUNCTION = YES;
				GCC_WARN_UNUSED_VARIABLE = YES;
				IPHONEOS_DEPLOYMENT_TARGET = 12.1;
				MTL_ENABLE_DEBUG_INFO = NO;
				MTL_FAST_MATH = YES;
				SDKROOT = iphoneos;
				SWIFT_COMPILATION_MODE = wholemodule;
				SWIFT_OPTIMIZATION_LEVEL = "-O";
				VALIDATE_PRODUCT = YES;
			};
			name = Release;
		};
		21BD576421977B77000C43A7 /* Debug */ = {
			isa = XCBuildConfiguration;
			buildSettings = {
				ASSETCATALOG_COMPILER_APPICON_NAME = AppIcon;
				CODE_SIGN_STYLE = Automatic;
				DEVELOPMENT_TEAM = RKUDRP485A;
				INFOPLIST_FILE = DBBasics/Info.plist;
				LD_RUNPATH_SEARCH_PATHS = (
					"$(inherited)",
					"@executable_path/Frameworks",
				);
				PRODUCT_BUNDLE_IDENTIFIER = "com.-santosh104.dev.DBBasics";
				PRODUCT_NAME = "$(TARGET_NAME)";
				SWIFT_VERSION = 4.2;
				TARGETED_DEVICE_FAMILY = "1,2";
			};
			name = Debug;
		};
		21BD576521977B77000C43A7 /* Release */ = {
			isa = XCBuildConfiguration;
			buildSettings = {
				ASSETCATALOG_COMPILER_APPICON_NAME = AppIcon;
				CODE_SIGN_STYLE = Automatic;
				DEVELOPMENT_TEAM = RKUDRP485A;
				INFOPLIST_FILE = DBBasics/Info.plist;
				LD_RUNPATH_SEARCH_PATHS = (
					"$(inherited)",
					"@executable_path/Frameworks",
				);
				PRODUCT_BUNDLE_IDENTIFIER = "com.-santosh104.dev.DBBasics";
				PRODUCT_NAME = "$(TARGET_NAME)";
				SWIFT_VERSION = 4.2;
				TARGETED_DEVICE_FAMILY = "1,2";
			};
			name = Release;
		};
		21BD576721977B77000C43A7 /* Debug */ = {
			isa = XCBuildConfiguration;
			buildSettings = {
				ALWAYS_EMBED_SWIFT_STANDARD_LIBRARIES = YES;
				BUNDLE_LOADER = "$(TEST_HOST)";
				CODE_SIGN_STYLE = Automatic;
				DEVELOPMENT_TEAM = RKUDRP485A;
				INFOPLIST_FILE = DBBasicsTests/Info.plist;
				LD_RUNPATH_SEARCH_PATHS = (
					"$(inherited)",
					"@executable_path/Frameworks",
					"@loader_path/Frameworks",
				);
				PRODUCT_BUNDLE_IDENTIFIER = "com.-santosh104.dev.DBBasicsTests";
				PRODUCT_NAME = "$(TARGET_NAME)";
				SWIFT_VERSION = 4.2;
				TARGETED_DEVICE_FAMILY = "1,2";
				TEST_HOST = "$(BUILT_PRODUCTS_DIR)/DBBasics.app/DBBasics";
			};
			name = Debug;
		};
		21BD576821977B77000C43A7 /* Release */ = {
			isa = XCBuildConfiguration;
			buildSettings = {
				ALWAYS_EMBED_SWIFT_STANDARD_LIBRARIES = YES;
				BUNDLE_LOADER = "$(TEST_HOST)";
				CODE_SIGN_STYLE = Automatic;
				DEVELOPMENT_TEAM = RKUDRP485A;
				INFOPLIST_FILE = DBBasicsTests/Info.plist;
				LD_RUNPATH_SEARCH_PATHS = (
					"$(inherited)",
					"@executable_path/Frameworks",
					"@loader_path/Frameworks",
				);
				PRODUCT_BUNDLE_IDENTIFIER = "com.-santosh104.dev.DBBasicsTests";
				PRODUCT_NAME = "$(TARGET_NAME)";
				SWIFT_VERSION = 4.2;
				TARGETED_DEVICE_FAMILY = "1,2";
				TEST_HOST = "$(BUILT_PRODUCTS_DIR)/DBBasics.app/DBBasics";
			};
			name = Release;
		};
/* End XCBuildConfiguration section */

/* Begin XCConfigurationList section */
		21BD573E21977B76000C43A7 /* Build configuration list for PBXProject "DBBasics" */ = {
			isa = XCConfigurationList;
			buildConfigurations = (
				21BD576121977B77000C43A7 /* Debug */,
				21BD576221977B77000C43A7 /* Release */,
			);
			defaultConfigurationIsVisible = 0;
			defaultConfigurationName = Release;
		};
		21BD576321977B77000C43A7 /* Build configuration list for PBXNativeTarget "DBBasics" */ = {
			isa = XCConfigurationList;
			buildConfigurations = (
				21BD576421977B77000C43A7 /* Debug */,
				21BD576521977B77000C43A7 /* Release */,
			);
			defaultConfigurationIsVisible = 0;
			defaultConfigurationName = Release;
		};
		21BD576621977B77000C43A7 /* Build configuration list for PBXNativeTarget "DBBasicsTests" */ = {
			isa = XCConfigurationList;
			buildConfigurations = (
				21BD576721977B77000C43A7 /* Debug */,
				21BD576821977B77000C43A7 /* Release */,
			);
			defaultConfigurationIsVisible = 0;
			defaultConfigurationName = Release;
		};
/* End XCConfigurationList section */

/* Begin XCVersionGroup section */
		21BD574D21977B76000C43A7 /* DBBasics.xcdatamodeld */ = {
			isa = XCVersionGroup;
			children = (
				21BD574E21977B76000C43A7 /* DBBasics.xcdatamodel */,
			);
			currentVersion = 21BD574E21977B76000C43A7 /* DBBasics.xcdatamodel */;
			path = DBBasics.xcdatamodeld;
			sourceTree = "<group>";
			versionGroupType = wrapper.xcdatamodel;
		};
/* End XCVersionGroup section */
	};
	rootObject = 21BD573B21977B76000C43A7 /* Project object */;
}
